
Microsoft Visual Studio Solution File, Format Version 11.00
# Visual Studio 2010
Project("{FAE04EC0-301F-11D3-BF4B-00C04F79EFBC}") = "AWS_Console_App1", "AWS_Console_App1\AWS_Console_App1.csproj", "{371B1F63-AEB0-45A8-A793-DFA36F9D038D}"
EndProject
Global
	GlobalSection(SolutionConfigurationPlatforms) = preSolution
		Debug|Any CPU = Debug|Any CPU
		Release|Any CPU = Release|Any CPU
	EndGlobalSection
	GlobalSection(ProjectConfigurationPlatforms) = postSolution
		{371B1F63-AEB0-45A8-A793-DFA36F9D038D}.Debug|Any CPU.ActiveCfg = Debug|Any CPU
		{371B1F63-AEB0-45A8-A793-DFA36F9D038D}.Debug|Any CPU.Build.0 = Debug|Any CPU
		{371B1F63-AEB0-45A8-A793-DFA36F9D038D}.Release|Any CPU.ActiveCfg = Release|Any CPU
		{371B1F63-AEB0-45A8-A793-DFA36F9D038D}.Release|Any CPU.Build.0 = Release|Any CPU
	EndGlobalSection
	GlobalSection(SolutionProperties) = preSolution
		HideSolutionNode = FALSE
	EndGlobalSection
EndGlobal
